
Microsoft Visual Studio Solution File, Format Version 12.00
# Visual Studio Version 17
VisualStudioVersion = 17.0.31903.59
MinimumVisualStudioVersion = 10.0.40219.1
Project("{FAE04EC0-301F-11D3-BF4B-00C04F79EFBC}") = "puppiesAPI", "puppiesAPI\puppiesAPI.csproj", "{28AF30E4-9014-4905-B2C4-EADAAE9D4BF2}"
EndProject
Project("{FAE04EC0-301F-11D3-BF4B-00C04F79EFBC}") = "puppiesAPI.test", "puppiesAPI.test\puppiesAPI.test.csproj", "{D8F6012A-6EEF-4225-AD5C-1A8F59C61FCF}"
EndProject
Global
	GlobalSection(SolutionConfigurationPlatforms) = preSolution
		Debug|Any CPU = Debug|Any CPU
		Release|Any CPU = Release|Any CPU
	EndGlobalSection
	GlobalSection(SolutionProperties) = preSolution
		HideSolutionNode = FALSE
	EndGlobalSection
	GlobalSection(ProjectConfigurationPlatforms) = postSolution
		{28AF30E4-9014-4905-B2C4-EADAAE9D4BF2}.Debug|Any CPU.ActiveCfg = Debug|Any CPU
		{28AF30E4-9014-4905-B2C4-EADAAE9D4BF2}.Debug|Any CPU.Build.0 = Debug|Any CPU
		{28AF30E4-9014-4905-B2C4-EADAAE9D4BF2}.Release|Any CPU.ActiveCfg = Release|Any CPU
		{28AF30E4-9014-4905-B2C4-EADAAE9D4BF2}.Release|Any CPU.Build.0 = Release|Any CPU
		{D8F6012A-6EEF-4225-AD5C-1A8F59C61FCF}.Debug|Any CPU.ActiveCfg = Debug|Any CPU
		{D8F6012A-6EEF-4225-AD5C-1A8F59C61FCF}.Debug|Any CPU.Build.0 = Debug|Any CPU
		{D8F6012A-6EEF-4225-AD5C-1A8F59C61FCF}.Release|Any CPU.ActiveCfg = Release|Any CPU
		{D8F6012A-6EEF-4225-AD5C-1A8F59C61FCF}.Release|Any CPU.Build.0 = Release|Any CPU
	EndGlobalSection
EndGlobal
